
Microsoft Visual Studio Solution File, Format Version 12.00
# Visual Studio Version 17
VisualStudioVersion = 17.0.31912.275
MinimumVisualStudioVersion = 10.0.40219.1
Project("{9A19103F-16F7-4668-BE54-9A1E7A4F7556}") = "MinimalAPIDemo", "MinimalAPIDemo\MinimalAPIDemo.csproj", "{B01C47E8-384A-4EF8-AE1D-9A9EC93E44FF}"
EndProject
Project("{00D1A9C2-B5F0-4AF3-8072-F6C62B433612}") = "UserDB", "UserDB\UserDB.sqlproj", "{101F83CE-A5F7-4DCB-94E3-5110DBDFE308}"
EndProject
Project("{9A19103F-16F7-4668-BE54-9A1E7A4F7556}") = "ConsoleRestSharp", "ConsoleRestSharp\ConsoleRestSharp.csproj", "{BD007898-555D-4BB6-A561-37207FC1846B}"
EndProject
Project("{9A19103F-16F7-4668-BE54-9A1E7A4F7556}") = "MinimalApiDemo.Test", "MinimalApiTest\MinimalApiDemo.Test.csproj", "{D25305EA-907A-4FA2-A389-D1BF2E4197C9}"
EndProject
Project("{9A19103F-16F7-4668-BE54-9A1E7A4F7556}") = "MinimalAPIRestClient", "MinimalAPIRestClient\MinimalAPIRestClient.csproj", "{26373F68-11BB-441C-8548-AB2045327ECC}"
EndProject
Project("{9A19103F-16F7-4668-BE54-9A1E7A4F7556}") = "BlazorWebApp", "BlazorWebApp\BlazorWebApp.csproj", "{C288B9F2-CBEC-4BEA-9625-3CD5CD9A98AE}"
EndProject
Project("{2150E333-8FDC-42A3-9474-1A3956D46DE8}") = "Plugins", "Plugins", "{D23054FF-D47F-4C74-BCEA-A5B3E8DD0013}"
EndProject
Project("{9A19103F-16F7-4668-BE54-9A1E7A4F7556}") = "Core.Business", "Core.Business\Core.Business.csproj", "{E400937F-3E0E-4527-8075-C831CAE0DF10}"
EndProject
Project("{9A19103F-16F7-4668-BE54-9A1E7A4F7556}") = "InMemoryRepository", "Plugins\InMemoryRepository\InMemoryRepository.csproj", "{B154539C-3E91-48A9-A4B0-4FC0520F7F02}"
EndProject
Project("{9A19103F-16F7-4668-BE54-9A1E7A4F7556}") = "SqlRepository", "Plugins\SqlRepository\SqlRepository.csproj", "{48F35924-7A31-40B7-81E7-6D746EB34998}"
EndProject
Global
	GlobalSection(SolutionConfigurationPlatforms) = preSolution
		Debug|Any CPU = Debug|Any CPU
		Release|Any CPU = Release|Any CPU
	EndGlobalSection
	GlobalSection(ProjectConfigurationPlatforms) = postSolution
		{B01C47E8-384A-4EF8-AE1D-9A9EC93E44FF}.Debug|Any CPU.ActiveCfg = Debug|Any CPU
		{B01C47E8-384A-4EF8-AE1D-9A9EC93E44FF}.Debug|Any CPU.Build.0 = Debug|Any CPU
		{B01C47E8-384A-4EF8-AE1D-9A9EC93E44FF}.Release|Any CPU.ActiveCfg = Release|Any CPU
		{B01C47E8-384A-4EF8-AE1D-9A9EC93E44FF}.Release|Any CPU.Build.0 = Release|Any CPU
		{101F83CE-A5F7-4DCB-94E3-5110DBDFE308}.Debug|Any CPU.ActiveCfg = Debug|Any CPU
		{101F83CE-A5F7-4DCB-94E3-5110DBDFE308}.Debug|Any CPU.Build.0 = Debug|Any CPU
		{101F83CE-A5F7-4DCB-94E3-5110DBDFE308}.Debug|Any CPU.Deploy.0 = Debug|Any CPU
		{101F83CE-A5F7-4DCB-94E3-5110DBDFE308}.Release|Any CPU.ActiveCfg = Release|Any CPU
		{101F83CE-A5F7-4DCB-94E3-5110DBDFE308}.Release|Any CPU.Build.0 = Release|Any CPU
		{101F83CE-A5F7-4DCB-94E3-5110DBDFE308}.Release|Any CPU.Deploy.0 = Release|Any CPU
		{BD007898-555D-4BB6-A561-37207FC1846B}.Debug|Any CPU.ActiveCfg = Debug|Any CPU
		{BD007898-555D-4BB6-A561-37207FC1846B}.Debug|Any CPU.Build.0 = Debug|Any CPU
		{BD007898-555D-4BB6-A561-37207FC1846B}.Release|Any CPU.ActiveCfg = Release|Any CPU
		{BD007898-555D-4BB6-A561-37207FC1846B}.Release|Any CPU.Build.0 = Release|Any CPU
		{D25305EA-907A-4FA2-A389-D1BF2E4197C9}.Debug|Any CPU.ActiveCfg = Debug|Any CPU
		{D25305EA-907A-4FA2-A389-D1BF2E4197C9}.Debug|Any CPU.Build.0 = Debug|Any CPU
		{D25305EA-907A-4FA2-A389-D1BF2E4197C9}.Release|Any CPU.ActiveCfg = Release|Any CPU
		{D25305EA-907A-4FA2-A389-D1BF2E4197C9}.Release|Any CPU.Build.0 = Release|Any CPU
		{26373F68-11BB-441C-8548-AB2045327ECC}.Debug|Any CPU.ActiveCfg = Debug|Any CPU
		{26373F68-11BB-441C-8548-AB2045327ECC}.Debug|Any CPU.Build.0 = Debug|Any CPU
		{26373F68-11BB-441C-8548-AB2045327ECC}.Release|Any CPU.ActiveCfg = Release|Any CPU
		{26373F68-11BB-441C-8548-AB2045327ECC}.Release|Any CPU.Build.0 = Release|Any CPU
		{C288B9F2-CBEC-4BEA-9625-3CD5CD9A98AE}.Debug|Any CPU.ActiveCfg = Debug|Any CPU
		{C288B9F2-CBEC-4BEA-9625-3CD5CD9A98AE}.Debug|Any CPU.Build.0 = Debug|Any CPU
		{C288B9F2-CBEC-4BEA-9625-3CD5CD9A98AE}.Release|Any CPU.ActiveCfg = Release|Any CPU
		{C288B9F2-CBEC-4BEA-9625-3CD5CD9A98AE}.Release|Any CPU.Build.0 = Release|Any CPU
		{E400937F-3E0E-4527-8075-C831CAE0DF10}.Debug|Any CPU.ActiveCfg = Debug|Any CPU
		{E400937F-3E0E-4527-8075-C831CAE0DF10}.Debug|Any CPU.Build.0 = Debug|Any CPU
		{E400937F-3E0E-4527-8075-C831CAE0DF10}.Release|Any CPU.ActiveCfg = Release|Any CPU
		{E400937F-3E0E-4527-8075-C831CAE0DF10}.Release|Any CPU.Build.0 = Release|Any CPU
		{B154539C-3E91-48A9-A4B0-4FC0520F7F02}.Debug|Any CPU.ActiveCfg = Debug|Any CPU
		{B154539C-3E91-48A9-A4B0-4FC0520F7F02}.Debug|Any CPU.Build.0 = Debug|Any CPU
		{B154539C-3E91-48A9-A4B0-4FC0520F7F02}.Release|Any CPU.ActiveCfg = Release|Any CPU
		{B154539C-3E91-48A9-A4B0-4FC0520F7F02}.Release|Any CPU.Build.0 = Release|Any CPU
		{48F35924-7A31-40B7-81E7-6D746EB34998}.Debug|Any CPU.ActiveCfg = Debug|Any CPU
		{48F35924-7A31-40B7-81E7-6D746EB34998}.Debug|Any CPU.Build.0 = Debug|Any CPU
		{48F35924-7A31-40B7-81E7-6D746EB34998}.Release|Any CPU.ActiveCfg = Release|Any CPU
		{48F35924-7A31-40B7-81E7-6D746EB34998}.Release|Any CPU.Build.0 = Release|Any CPU
	EndGlobalSection
	GlobalSection(SolutionProperties) = preSolution
		HideSolutionNode = FALSE
	EndGlobalSection
	GlobalSection(NestedProjects) = preSolution
		{B154539C-3E91-48A9-A4B0-4FC0520F7F02} = {D23054FF-D47F-4C74-BCEA-A5B3E8DD0013}
		{48F35924-7A31-40B7-81E7-6D746EB34998} = {D23054FF-D47F-4C74-BCEA-A5B3E8DD0013}
	EndGlobalSection
	GlobalSection(ExtensibilityGlobals) = postSolution
		SolutionGuid = {2AB92BD8-428D-4B9B-9F15-5E942D46CD5E}
	EndGlobalSection
EndGlobal
